
Microsoft Visual Studio Solution File, Format Version 12.00
# Visual Studio 2013
VisualStudioVersion = 12.0.31101.0
MinimumVisualStudioVersion = 10.0.40219.1
Project("{8BC9CEB8-8B4A-11D0-8D11-00A0C91BC942}") = "Node++", "Node++.vcxproj", "{BF441ED6-2EF7-4016-9AEE-4E8008C4B5BE}"
EndProject
Project("{8BC9CEB8-8B4A-11D0-8D11-00A0C91BC942}") = "PluginHttp", "Plugins\PluginHttp\PluginHttp.vcxproj", "{2DC1B0CE-B33E-464C-A624-3196C0261549}"
	ProjectSection(ProjectDependencies) = postProject
		{BF441ED6-2EF7-4016-9AEE-4E8008C4B5BE} = {BF441ED6-2EF7-4016-9AEE-4E8008C4B5BE}
	EndProjectSection
EndProject
Global
	GlobalSection(SolutionConfigurationPlatforms) = preSolution
		Debug|Win32 = Debug|Win32
		Debug|x64 = Debug|x64
		Release|Win32 = Release|Win32
		Release|x64 = Release|x64
	EndGlobalSection
	GlobalSection(ProjectConfigurationPlatforms) = postSolution
		{BF441ED6-2EF7-4016-9AEE-4E8008C4B5BE}.Debug|Win32.ActiveCfg = Debug|Win32
		{BF441ED6-2EF7-4016-9AEE-4E8008C4B5BE}.Debug|Win32.Build.0 = Debug|Win32
		{BF441ED6-2EF7-4016-9AEE-4E8008C4B5BE}.Debug|x64.ActiveCfg = Debug|x64
		{BF441ED6-2EF7-4016-9AEE-4E8008C4B5BE}.Debug|x64.Build.0 = Debug|x64
		{BF441ED6-2EF7-4016-9AEE-4E8008C4B5BE}.Release|Win32.ActiveCfg = Release|Win32
		{BF441ED6-2EF7-4016-9AEE-4E8008C4B5BE}.Release|Win32.Build.0 = Release|Win32
		{BF441ED6-2EF7-4016-9AEE-4E8008C4B5BE}.Release|x64.ActiveCfg = Release|x64
		{BF441ED6-2EF7-4016-9AEE-4E8008C4B5BE}.Release|x64.Build.0 = Release|x64
		{2DC1B0CE-B33E-464C-A624-3196C0261549}.Debug|Win32.ActiveCfg = Debug|Win32
		{2DC1B0CE-B33E-464C-A624-3196C0261549}.Debug|Win32.Build.0 = Debug|Win32
		{2DC1B0CE-B33E-464C-A624-3196C0261549}.Debug|x64.ActiveCfg = Debug|Win32
		{2DC1B0CE-B33E-464C-A624-3196C0261549}.Release|Win32.ActiveCfg = Release|Win32
		{2DC1B0CE-B33E-464C-A624-3196C0261549}.Release|Win32.Build.0 = Release|Win32
		{2DC1B0CE-B33E-464C-A624-3196C0261549}.Release|x64.ActiveCfg = Release|Win32
	EndGlobalSection
	GlobalSection(SolutionProperties) = preSolution
		HideSolutionNode = FALSE
	EndGlobalSection
EndGlobal
